lockfileVersion: '9.0'

settings:
  autoInstallPeers: true
  excludeLinksFromLockfile: false

importers:

  .:
    dependencies:
      '@11ty/eleventy-fetch':
        specifier: ^5.1.1
        version: 5.1.1
      dotenv:
        specifier: ^17.2.3
        version: 17.2.3

packages:

  '@11ty/eleventy-fetch@5.1.1':
    resolution: {integrity: sha512-/xFJLCrqKlcnRKIfO9Qjd1QOs4IpvypljXET955+EgdRPFA+h8Or6bDnZBbcwr6KS7yeUuzp5k1DhXgbentSTA==}
    engines: {node: '>=18'}

  '@11ty/eleventy-utils@2.0.7':
    resolution: {integrity: sha512-6QE+duqSQ0GY9rENXYb4iPR4AYGdrFpqnmi59tFp9VrleOl0QSh8VlBr2yd6dlhkdtj7904poZW5PvGr9cMiJQ==}
    engines: {node: '>=18'}

  '@rgrove/parse-xml@4.2.0':
    resolution: {integrity: sha512-UuBOt7BOsKVOkFXRe4Ypd/lADuNIfqJXv8GvHqtXaTYXPPKkj2nS2zPllVsrtRjcomDhIJVBnZwfmlI222WH8g==}
    engines: {node: '>=14.0.0'}

  debug@4.4.3:
    resolution: {integrity: sha512-RGwwWnwQvkVfavKVt22FGLw+xYSdzARwm0ru6DhTVA3umU5hZc28V3kO4stgYryrTlLpuvgI9GiijltAjNbcqA==}
    engines: {node: '>=6.0'}
    peerDependencies:
      supports-color: '*'
    peerDependenciesMeta:
      supports-color:
        optional: true

  dotenv@17.2.3:
    resolution: {integrity: sha512-JVUnt+DUIzu87TABbhPmNfVdBDt18BLOWjMUFJMSi/Qqg7NTYtabbvSNJGOJ7afbRuv9D/lngizHtP7QyLQ+9w==}
    engines: {node: '>=12'}

  eventemitter3@4.0.7:
    resolution: {integrity: sha512-8guHBZCwKnFhYdHr2ysuRWErTwhoN2X8XELRlrRwpmfeY2jjuUN4taQMsULKUVo1K4DvZl+0pgfyoysHxvmvEw==}

  flatted@3.3.3:
    resolution: {integrity: sha512-GX+ysw4PBCz0PzosHDepZGANEuFCMLrnRTiEy9McGjmkCQYwRq4A/X786G/fjM/+OjsWSU1ZrY5qyARZmO/uwg==}

  ms@2.1.3:
    resolution: {integrity: sha512-6FlzubTLZG3J2a/NVCAleEhjzq5oxgHyaCU9yYXvcLsvoVaHJq/s5xXI6/XXP6tz7R9xAOtHnSO/tXtF3WRTlA==}

  p-finally@1.0.0:
    resolution: {integrity: sha512-LICb2p9CB7FS+0eR1oqWnHhp0FljGLZCWBE9aix0Uye9W8LTQPwMTYVGWQWIw9RdQiDg4+epXQODwIYJtSJaow==}
    engines: {node: '>=4'}

  p-queue@6.6.2:
    resolution: {integrity: sha512-RwFpb72c/BhQLEXIZ5K2e+AhgNVmIejGlTgiB9MzZ0e93GRvqZ7uSi0dvRF7/XIXDeNkra2fNHBxTyPDGySpjQ==}
    engines: {node: '>=8'}

  p-timeout@3.2.0:
    resolution: {integrity: sha512-rhIwUycgwwKcP9yTOOFK/AKsAopjjCakVqLHePO3CC6Mir1Z99xT+R63jZxAT5lFZLa2inS5h+ZS2GvR99/FBg==}
    engines: {node: '>=8'}

snapshots:

  '@11ty/eleventy-fetch@5.1.1':
    dependencies:
      '@11ty/eleventy-utils': 2.0.7
      '@rgrove/parse-xml': 4.2.0
      debug: 4.4.3
      flatted: 3.3.3
      p-queue: 6.6.2
    transitivePeerDependencies:
      - supports-color

  '@11ty/eleventy-utils@2.0.7': {}

  '@rgrove/parse-xml@4.2.0': {}

  debug@4.4.3:
    dependencies:
      ms: 2.1.3

  dotenv@17.2.3: {}

  eventemitter3@4.0.7: {}

  flatted@3.3.3: {}

  ms@2.1.3: {}

  p-finally@1.0.0: {}

  p-queue@6.6.2:
    dependencies:
      eventemitter3: 4.0.7
      p-timeout: 3.2.0

  p-timeout@3.2.0:
    dependencies:
      p-finally: 1.0.0
